
Microsoft Visual Studio Solution File, Format Version 12.00
# Visual Studio Version 17
VisualStudioVersion = 17.5.002.0
MinimumVisualStudioVersion = 10.0.40219.1
Project("{9A19103F-16F7-4668-BE54-9A1E7A4F7556}") = "Azure AI Document Intelligence Resource", "DocIntRss_Backend\Azure AI Document Intelligence Resource.csproj", "{9BAD57CE-013D-4F6B-A7FF-45C125C8911E}"
EndProject
Project("{2150E333-8FDC-42A3-9474-1A3956D46DE8}") = "DocIntRss_Backend", "DocIntRss_Backend", "{30F2D368-E966-48EB-8480-4DD5DF1BCF24}"
EndProject
Project("{2150E333-8FDC-42A3-9474-1A3956D46DE8}") = "obj", "obj", "{F545B914-A10D-4023-AE66-CF784CAED238}"
EndProject
Project("{2150E333-8FDC-42A3-9474-1A3956D46DE8}") = "Debug", "Debug", "{41F66EB9-8C55-4753-82E5-58F84FAF3826}"
EndProject
Project("{2150E333-8FDC-42A3-9474-1A3956D46DE8}") = "net8.0", "net8.0", "{D8124DC4-EEF0-4397-B5CC-2C719E97EF7D}"
EndProject
Project("{9A19103F-16F7-4668-BE54-9A1E7A4F7556}") = "WorkerExtensions", "DocIntRss_Backend\obj\Debug\net8.0\WorkerExtensions\WorkerExtensions.csproj", "{72AE19EC-2E45-41FC-AED5-BA335B75C467}"
EndProject
Global
	GlobalSection(SolutionConfigurationPlatforms) = preSolution
		Debug|Any CPU = Debug|Any CPU
		Release|Any CPU = Release|Any CPU
	EndGlobalSection
	GlobalSection(ProjectConfigurationPlatforms) = postSolution
		{9BAD57CE-013D-4F6B-A7FF-45C125C8911E}.Debug|Any CPU.ActiveCfg = Debug|Any CPU
		{9BAD57CE-013D-4F6B-A7FF-45C125C8911E}.Debug|Any CPU.Build.0 = Debug|Any CPU
		{9BAD57CE-013D-4F6B-A7FF-45C125C8911E}.Release|Any CPU.ActiveCfg = Release|Any CPU
		{9BAD57CE-013D-4F6B-A7FF-45C125C8911E}.Release|Any CPU.Build.0 = Release|Any CPU
		{72AE19EC-2E45-41FC-AED5-BA335B75C467}.Debug|Any CPU.ActiveCfg = Debug|Any CPU
		{72AE19EC-2E45-41FC-AED5-BA335B75C467}.Debug|Any CPU.Build.0 = Debug|Any CPU
		{72AE19EC-2E45-41FC-AED5-BA335B75C467}.Release|Any CPU.ActiveCfg = Release|Any CPU
		{72AE19EC-2E45-41FC-AED5-BA335B75C467}.Release|Any CPU.Build.0 = Release|Any CPU
	EndGlobalSection
	GlobalSection(SolutionProperties) = preSolution
		HideSolutionNode = FALSE
	EndGlobalSection
	GlobalSection(NestedProjects) = preSolution
		{F545B914-A10D-4023-AE66-CF784CAED238} = {30F2D368-E966-48EB-8480-4DD5DF1BCF24}
		{41F66EB9-8C55-4753-82E5-58F84FAF3826} = {F545B914-A10D-4023-AE66-CF784CAED238}
		{D8124DC4-EEF0-4397-B5CC-2C719E97EF7D} = {41F66EB9-8C55-4753-82E5-58F84FAF3826}
		{72AE19EC-2E45-41FC-AED5-BA335B75C467} = {D8124DC4-EEF0-4397-B5CC-2C719E97EF7D}
	EndGlobalSection
	GlobalSection(ExtensibilityGlobals) = postSolution
		SolutionGuid = {F265371E-AC48-4105-AF06-0B0CE017C316}
	EndGlobalSection
EndGlobal
